
Microsoft Visual Studio Solution File, Format Version 12.00
# Visual Studio Version 17
VisualStudioVersion = 17.2.32630.192
MinimumVisualStudioVersion = 10.0.40219.1
Project("{FAE04EC0-301F-11D3-BF4B-00C04F79EFBC}") = "SpecFlowProject5", "SpecFlowProject5\SpecFlowProject5.csproj", "{FA9535B7-810C-4196-AFA2-0EDAF8792ABD}"
EndProject
Global
	GlobalSection(SolutionConfigurationPlatforms) = preSolution
		Debug|Any CPU = Debug|Any CPU
		Release|Any CPU = Release|Any CPU
	EndGlobalSection
	GlobalSection(ProjectConfigurationPlatforms) = postSolution
		{FA9535B7-810C-4196-AFA2-0EDAF8792ABD}.Debug|Any CPU.ActiveCfg = Debug|Any CPU
		{FA9535B7-810C-4196-AFA2-0EDAF8792ABD}.Debug|Any CPU.Build.0 = Debug|Any CPU
		{FA9535B7-810C-4196-AFA2-0EDAF8792ABD}.Release|Any CPU.ActiveCfg = Release|Any CPU
		{FA9535B7-810C-4196-AFA2-0EDAF8792ABD}.Release|Any CPU.Build.0 = Release|Any CPU
	EndGlobalSection
	GlobalSection(SolutionProperties) = preSolution
		HideSolutionNode = FALSE
	EndGlobalSection
	GlobalSection(ExtensibilityGlobals) = postSolution
		SolutionGuid = {DBDA7D02-8D7D-48C6-B720-9A5DDD0ADE6F}
	EndGlobalSection
EndGlobal
