
Microsoft Visual Studio Solution File, Format Version 12.00
# Visual Studio Version 17
VisualStudioVersion = 17.2.32630.192
MinimumVisualStudioVersion = 10.0.40219.1
Project("{9A19103F-16F7-4668-BE54-9A1E7A4F7556}") = "PizzaShop", "PizzaShop\PizzaShop.csproj", "{4D353371-DB5F-427B-9C0E-CEC23C8586BB}"
EndProject
Global
	GlobalSection(SolutionConfigurationPlatforms) = preSolution
		Debug|Any CPU = Debug|Any CPU
		Release|Any CPU = Release|Any CPU
	EndGlobalSection
	GlobalSection(ProjectConfigurationPlatforms) = postSolution
		{4D353371-DB5F-427B-9C0E-CEC23C8586BB}.Debug|Any CPU.ActiveCfg = Debug|Any CPU
		{4D353371-DB5F-427B-9C0E-CEC23C8586BB}.Debug|Any CPU.Build.0 = Debug|Any CPU
		{4D353371-DB5F-427B-9C0E-CEC23C8586BB}.Release|Any CPU.ActiveCfg = Release|Any CPU
		{4D353371-DB5F-427B-9C0E-CEC23C8586BB}.Release|Any CPU.Build.0 = Release|Any CPU
	EndGlobalSection
	GlobalSection(SolutionProperties) = preSolution
		HideSolutionNode = FALSE
	EndGlobalSection
	GlobalSection(ExtensibilityGlobals) = postSolution
		SolutionGuid = {E059E2B7-F2C9-4341-B9F8-13609C9FA008}
	EndGlobalSection
EndGlobal
